// !$*UTF8*$!
{
	archiveVersion = 1;
	classes = {
	};
	objectVersion = 50;
	objects = {

/* Begin PBXBuildFile section */
		A0C8B83A2216E4C200F03208 /* AlbumPickerViewModelTests.swift in Sources */ = {isa = PBXBuildFile; fileRef = A0C8B8392216E4C200F03208 /* AlbumPickerViewModelTests.swift */; };
		A0C8B83C2216F36800F03208 /* TestAlbum.json in Resources */ = {isa = PBXBuildFile; fileRef = A0C8B83B2216F36800F03208 /* TestAlbum.json */; };
		A0DC16CE2214ABAF00EE777D /* AppDelegate.swift in Sources */ = {isa = PBXBuildFile; fileRef = A0DC16CD2214ABAF00EE777D /* AppDelegate.swift */; };
		A0DC16D02214ABAF00EE777D /* AlbumPickerViewController.swift in Sources */ = {isa = PBXBuildFile; fileRef = A0DC16CF2214ABAF00EE777D /* AlbumPickerViewController.swift */; };
		A0DC16D32214ABAF00EE777D /* Main.storyboard in Resources */ = {isa = PBXBuildFile; fileRef = A0DC16D12214ABAF00EE777D /* Main.storyboard */; };
		A0DC16D52214ABB200EE777D /* Assets.xcassets in Resources */ = {isa = PBXBuildFile; fileRef = A0DC16D42214ABB200EE777D /* Assets.xcassets */; };
		A0DC16D82214ABB200EE777D /* LaunchScreen.storyboard in Resources */ = {isa = PBXBuildFile; fileRef = A0DC16D62214ABB200EE777D /* LaunchScreen.storyboard */; };
		A0DC16E32214ABB200EE777D /* iTunesAPITests.swift in Sources */ = {isa = PBXBuildFile; fileRef = A0DC16E22214ABB200EE777D /* iTunesAPITests.swift */; };
		A0DC16EF2214B0D600EE777D /* iTunesAPIRequest.swift in Sources */ = {isa = PBXBuildFile; fileRef = A0DC16EE2214B0D600EE777D /* iTunesAPIRequest.swift */; };
		A0DC16F32214B80E00EE777D /* iso8601JSONDecoder.swift in Sources */ = {isa = PBXBuildFile; fileRef = A0DC16F22214B80E00EE777D /* iso8601JSONDecoder.swift */; };
		A0DC16F52214BB6500EE777D /* Album.swift in Sources */ = {isa = PBXBuildFile; fileRef = A0DC16F42214BB6500EE777D /* Album.swift */; };
		A0DC16FA2214C01F00EE777D /* iTunesAlbumLookup.swift in Sources */ = {isa = PBXBuildFile; fileRef = A0DC16F92214C01F00EE777D /* iTunesAlbumLookup.swift */; };
		A0DC16FD2214C2D200EE777D /* AlbumPickerViewModel.swift in Sources */ = {isa = PBXBuildFile; fileRef = A0DC16FC2214C2D200EE777D /* AlbumPickerViewModel.swift */; };
		A0DC17002215F90500EE777D /* AlbumCoverView.swift in Sources */ = {isa = PBXBuildFile; fileRef = A0DC16FF2215F90500EE777D /* AlbumCoverView.swift */; };
		A0DC17022215F91700EE777D /* AlbumCoverView.xib in Resources */ = {isa = PBXBuildFile; fileRef = A0DC17012215F91700EE777D /* AlbumCoverView.xib */; };
		A0DC1706221600B200EE777D /* WebImageView.swift in Sources */ = {isa = PBXBuildFile; fileRef = A0DC1705221600B200EE777D /* WebImageView.swift */; };
		A0DC1709221620D200EE777D /* Album+Helpers.swift in Sources */ = {isa = PBXBuildFile; fileRef = A0DC1708221620D200EE777D /* Album+Helpers.swift */; };
		A0DC170B22162FA900EE777D /* AlbumDetailsViewController.swift in Sources */ = {isa = PBXBuildFile; fileRef = A0DC170A22162FA900EE777D /* AlbumDetailsViewController.swift */; };
		A0DC170D2216351B00EE777D /* AlbumDetailViewModel.swift in Sources */ = {isa = PBXBuildFile; fileRef = A0DC170C2216351B00EE777D /* AlbumDetailViewModel.swift */; };
/* End PBXBuildFile section */

/* Begin PBXContainerItemProxy section */
		A0DC16DF2214ABB200EE777D /* PBXContainerItemProxy */ = {
			isa = PBXContainerItemProxy;
			containerPortal = A0DC16C22214ABAF00EE777D /* Project object */;
			proxyType = 1;
			remoteGlobalIDString = A0DC16C92214ABAF00EE777D;
			remoteInfo = iTunesAPI;
		};
/* End PBXContainerItemProxy section */

/* Begin PBXFileReference section */
		A0C8B8392216E4C200F03208 /* AlbumPickerViewModelTests.swift */ = {isa = PBXFileReference; lastKnownFileType = sourcecode.swift; path = AlbumPickerViewModelTests.swift; sourceTree = "<group>"; };
		A0C8B83B2216F36800F03208 /* TestAlbum.json */ = {isa = PBXFileReference; lastKnownFileType = text.json; path = TestAlbum.json; sourceTree = "<group>"; };
		A0DC16CA2214ABAF00EE777D /* iTunesAPI.app */ = {isa = PBXFileReference; explicitFileType = wrapper.application; includeInIndex = 0; path = iTunesAPI.app; sourceTree = BUILT_PRODUCTS_DIR; };
		A0DC16CD2214ABAF00EE777D /* AppDelegate.swift */ = {isa = PBXFileReference; lastKnownFileType = sourcecode.swift; path = AppDelegate.swift; sourceTree = "<group>"; };
		A0DC16CF2214ABAF00EE777D /* AlbumPickerViewController.swift */ = {isa = PBXFileReference; lastKnownFileType = sourcecode.swift; path = AlbumPickerViewController.swift; sourceTree = "<group>"; };
		A0DC16D22214ABAF00EE777D /* Base */ = {isa = PBXFileReference; lastKnownFileType = file.storyboard; name = Base; path = Base.lproj/Main.storyboard; sourceTree = "<group>"; };
		A0DC16D42214ABB200EE777D /* Assets.xcassets */ = {isa = PBXFileReference; lastKnownFileType = folder.assetcatalog; path = Assets.xcassets; sourceTree = "<group>"; };
		A0DC16D72214ABB200EE777D /* Base */ = {isa = PBXFileReference; lastKnownFileType = file.storyboard; name = Base; path = Base.lproj/LaunchScreen.storyboard; sourceTree = "<group>"; };
		A0DC16D92214ABB200EE777D /* Info.plist */ = {isa = PBXFileReference; lastKnownFileType = text.plist.xml; path = Info.plist; sourceTree = "<group>"; };
		A0DC16DE2214ABB200EE777D /* iTunesAPITests.xctest */ = {isa = PBXFileReference; explicitFileType = wrapper.cfbundle; includeInIndex = 0; path = iTunesAPITests.xctest; sourceTree = BUILT_PRODUCTS_DIR; };
		A0DC16E22214ABB200EE777D /* iTunesAPITests.swift */ = {isa = PBXFileReference; lastKnownFileType = sourcecode.swift; path = iTunesAPITests.swift; sourceTree = "<group>"; };
		A0DC16E42214ABB200EE777D /* Info.plist */ = {isa = PBXFileReference; lastKnownFileType = text.plist.xml; path = Info.plist; sourceTree = "<group>"; };
		A0DC16EE2214B0D600EE777D /* iTunesAPIRequest.swift */ = {isa = PBXFileReference; lastKnownFileType = sourcecode.swift; path = iTunesAPIRequest.swift; sourceTree = "<group>"; };
		A0DC16F22214B80E00EE777D /* iso8601JSONDecoder.swift */ = {isa = PBXFileReference; lastKnownFileType = sourcecode.swift; path = iso8601JSONDecoder.swift; sourceTree = "<group>"; };
		A0DC16F42214BB6500EE777D /* Album.swift */ = {isa = PBXFileReference; lastKnownFileType = sourcecode.swift; path = Album.swift; sourceTree = "<group>"; };
		A0DC16F92214C01F00EE777D /* iTunesAlbumLookup.swift */ = {isa = PBXFileReference; lastKnownFileType = sourcecode.swift; path = iTunesAlbumLookup.swift; sourceTree = "<group>"; };
		A0DC16FC2214C2D200EE777D /* AlbumPickerViewModel.swift */ = {isa = PBXFileReference; lastKnownFileType = sourcecode.swift; path = AlbumPickerViewModel.swift; sourceTree = "<group>"; };
		A0DC16FF2215F90500EE777D /* AlbumCoverView.swift */ = {isa = PBXFileReference; lastKnownFileType = sourcecode.swift; path = AlbumCoverView.swift; sourceTree = "<group>"; };
		A0DC17012215F91700EE777D /* AlbumCoverView.xib */ = {isa = PBXFileReference; lastKnownFileType = file.xib; path = AlbumCoverView.xib; sourceTree = "<group>"; };
		A0DC1705221600B200EE777D /* WebImageView.swift */ = {isa = PBXFileReference; lastKnownFileType = sourcecode.swift; path = WebImageView.swift; sourceTree = "<group>"; };
		A0DC1708221620D200EE777D /* Album+Helpers.swift */ = {isa = PBXFileReference; lastKnownFileType = sourcecode.swift; path = "Album+Helpers.swift"; sourceTree = "<group>"; };
		A0DC170A22162FA900EE777D /* AlbumDetailsViewController.swift */ = {isa = PBXFileReference; lastKnownFileType = sourcecode.swift; path = AlbumDetailsViewController.swift; sourceTree = "<group>"; };
		A0DC170C2216351B00EE777D /* AlbumDetailViewModel.swift */ = {isa = PBXFileReference; lastKnownFileType = sourcecode.swift; path = AlbumDetailViewModel.swift; sourceTree = "<group>"; };
/* End PBXFileReference section */

/* Begin PBXFrameworksBuildPhase section */
		A0DC16C72214ABAF00EE777D /* Frameworks */ = {
			isa = PBXFrameworksBuildPhase;
			buildActionMask = 2147483647;
			files = (
			);
			runOnlyForDeploymentPostprocessing = 0;
		};
		A0DC16DB2214ABB200EE777D /* Frameworks */ = {
			isa = PBXFrameworksBuildPhase;
			buildActionMask = 2147483647;
			files = (
			);
			runOnlyForDeploymentPostprocessing = 0;
		};
/* End PBXFrameworksBuildPhase section */

/* Begin PBXGroup section */
		A0DC16C12214ABAF00EE777D = {
			isa = PBXGroup;
			children = (
				A0DC16CC2214ABAF00EE777D /* iTunesAPI */,
				A0DC16E12214ABB200EE777D /* iTunesAPITests */,
				A0DC16CB2214ABAF00EE777D /* Products */,
			);
			sourceTree = "<group>";
		};
		A0DC16CB2214ABAF00EE777D /* Products */ = {
			isa = PBXGroup;
			children = (
				A0DC16CA2214ABAF00EE777D /* iTunesAPI.app */,
				A0DC16DE2214ABB200EE777D /* iTunesAPITests.xctest */,
			);
			name = Products;
			sourceTree = "<group>";
		};
		A0DC16CC2214ABAF00EE777D /* iTunesAPI */ = {
			isa = PBXGroup;
			children = (
				A0DC16F72214BD5F00EE777D /* UI */,
				A0DC16FB2214C2AA00EE777D /* View models */,
				A0DC16F62214BC6400EE777D /* Data models */,
				A0DC16ED2214B05200EE777D /* Networking */,
				A0DC16CD2214ABAF00EE777D /* AppDelegate.swift */,
				A0DC16D42214ABB200EE777D /* Assets.xcassets */,
				A0DC16D92214ABB200EE777D /* Info.plist */,
			);
			path = iTunesAPI;
			sourceTree = "<group>";
		};
		A0DC16E12214ABB200EE777D /* iTunesAPITests */ = {
			isa = PBXGroup;
			children = (
				A0DC16E22214ABB200EE777D /* iTunesAPITests.swift */,
				A0C8B83B2216F36800F03208 /* TestAlbum.json */,
				A0C8B8392216E4C200F03208 /* AlbumPickerViewModelTests.swift */,
				A0DC16E42214ABB200EE777D /* Info.plist */,
			);
			path = iTunesAPITests;
			sourceTree = "<group>";
		};
		A0DC16ED2214B05200EE777D /* Networking */ = {
			isa = PBXGroup;
			children = (
				A0DC16EE2214B0D600EE777D /* iTunesAPIRequest.swift */,
				A0DC16F22214B80E00EE777D /* iso8601JSONDecoder.swift */,
			);
			path = Networking;
			sourceTree = "<group>";
		};
		A0DC16F62214BC6400EE777D /* Data models */ = {
			isa = PBXGroup;
			children = (
				A0DC1707221620AB00EE777D /* Extensions */,
				A0DC16F42214BB6500EE777D /* Album.swift */,
				A0DC16F92214C01F00EE777D /* iTunesAlbumLookup.swift */,
			);
			path = "Data models";
			sourceTree = "<group>";
		};
		A0DC16F72214BD5F00EE777D /* UI */ = {
			isa = PBXGroup;
			children = (
				A0DC16FE2215F8D700EE777D /* Views */,
				A0DC16F82214BE1700EE777D /* Storyboards */,
				A0DC16CF2214ABAF00EE777D /* AlbumPickerViewController.swift */,
				A0DC170A22162FA900EE777D /* AlbumDetailsViewController.swift */,
			);
			path = UI;
			sourceTree = "<group>";
		};
		A0DC16F82214BE1700EE777D /* Storyboards */ = {
			isa = PBXGroup;
			children = (
				A0DC16D62214ABB200EE777D /* LaunchScreen.storyboard */,
				A0DC16D12214ABAF00EE777D /* Main.storyboard */,
			);
			path = Storyboards;
			sourceTree = "<group>";
		};
		A0DC16FB2214C2AA00EE777D /* View models */ = {
			isa = PBXGroup;
			children = (
				A0DC16FC2214C2D200EE777D /* AlbumPickerViewModel.swift */,
				A0DC170C2216351B00EE777D /* AlbumDetailViewModel.swift */,
			);
			path = "View models";
			sourceTree = "<group>";
		};
		A0DC16FE2215F8D700EE777D /* Views */ = {
			isa = PBXGroup;
			children = (
				A0DC1705221600B200EE777D /* WebImageView.swift */,
				A0DC16FF2215F90500EE777D /* AlbumCoverView.swift */,
				A0DC17012215F91700EE777D /* AlbumCoverView.xib */,
			);
			path = Views;
			sourceTree = "<group>";
		};
		A0DC1707221620AB00EE777D /* Extensions */ = {
			isa = PBXGroup;
			children = (
				A0DC1708221620D200EE777D /* Album+Helpers.swift */,
			);
			path = Extensions;
			sourceTree = "<group>";
		};
/* End PBXGroup section */

/* Begin PBXNativeTarget section */
		A0DC16C92214ABAF00EE777D /* iTunesAPI */ = {
			isa = PBXNativeTarget;
			buildConfigurationList = A0DC16E72214ABB200EE777D /* Build configuration list for PBXNativeTarget "iTunesAPI" */;
			buildPhases = (
				A0DC16C62214ABAF00EE777D /* Sources */,
				A0DC16C72214ABAF00EE777D /* Frameworks */,
				A0DC16C82214ABAF00EE777D /* Resources */,
			);
			buildRules = (
			);
			dependencies = (
			);
			name = iTunesAPI;
			productName = iTunesAPI;
			productReference = A0DC16CA2214ABAF00EE777D /* iTunesAPI.app */;
			productType = "com.apple.product-type.application";
		};
		A0DC16DD2214ABB200EE777D /* iTunesAPITests */ = {
			isa = PBXNativeTarget;
			buildConfigurationList = A0DC16EA2214ABB200EE777D /* Build configuration list for PBXNativeTarget "iTunesAPITests" */;
			buildPhases = (
				A0DC16DA2214ABB200EE777D /* Sources */,
				A0DC16DB2214ABB200EE777D /* Frameworks */,
				A0DC16DC2214ABB200EE777D /* Resources */,
			);
			buildRules = (
			);
			dependencies = (
				A0DC16E02214ABB200EE777D /* PBXTargetDependency */,
			);
			name = iTunesAPITests;
			productName = iTunesAPITests;
			productReference = A0DC16DE2214ABB200EE777D /* iTunesAPITests.xctest */;
			productType = "com.apple.product-type.bundle.unit-test";
		};
/* End PBXNativeTarget section */

/* Begin PBXProject section */
		A0DC16C22214ABAF00EE777D /* Project object */ = {
			isa = PBXProject;
			attributes = {
				LastSwiftUpdateCheck = 1010;
				LastUpgradeCheck = 1010;
				ORGANIZATIONNAME = "Yevhen Kharytonenko";
				TargetAttributes = {
					A0DC16C92214ABAF00EE777D = {
						CreatedOnToolsVersion = 10.1;
					};
					A0DC16DD2214ABB200EE777D = {
						CreatedOnToolsVersion = 10.1;
						TestTargetID = A0DC16C92214ABAF00EE777D;
					};
				};
			};
			buildConfigurationList = A0DC16C52214ABAF00EE777D /* Build configuration list for PBXProject "iTunesAPI" */;
			compatibilityVersion = "Xcode 9.3";
			developmentRegion = en;
			hasScannedForEncodings = 0;
			knownRegions = (
				en,
				Base,
			);
			mainGroup = A0DC16C12214ABAF00EE777D;
			productRefGroup = A0DC16CB2214ABAF00EE777D /* Products */;
			projectDirPath = "";
			projectRoot = "";
			targets = (
				A0DC16C92214ABAF00EE777D /* iTunesAPI */,
				A0DC16DD2214ABB200EE777D /* iTunesAPITests */,
			);
		};
/* End PBXProject section */

/* Begin PBXResourcesBuildPhase section */
		A0DC16C82214ABAF00EE777D /* Resources */ = {
			isa = PBXResourcesBuildPhase;
			buildActionMask = 2147483647;
			files = (
				A0DC16D82214ABB200EE777D /* LaunchScreen.storyboard in Resources */,
				A0DC16D52214ABB200EE777D /* Assets.xcassets in Resources */,
				A0DC17022215F91700EE777D /* AlbumCoverView.xib in Resources */,
				A0DC16D32214ABAF00EE777D /* Main.storyboard in Resources */,
			);
			runOnlyForDeploymentPostprocessing = 0;
		};
		A0DC16DC2214ABB200EE777D /* Resources */ = {
			isa = PBXResourcesBuildPhase;
			buildActionMask = 2147483647;
			files = (
				A0C8B83C2216F36800F03208 /* TestAlbum.json in Resources */,
			);
			runOnlyForDeploymentPostprocessing = 0;
		};
/* End PBXResourcesBuildPhase section */

/* Begin PBXSourcesBuildPhase section */
		A0DC16C62214ABAF00EE777D /* Sources */ = {
			isa = PBXSourcesBuildPhase;
			buildActionMask = 2147483647;
			files = (
				A0DC16D02214ABAF00EE777D /* AlbumPickerViewController.swift in Sources */,
				A0DC16EF2214B0D600EE777D /* iTunesAPIRequest.swift in Sources */,
				A0DC17002215F90500EE777D /* AlbumCoverView.swift in Sources */,
				A0DC1709221620D200EE777D /* Album+Helpers.swift in Sources */,
				A0DC16F52214BB6500EE777D /* Album.swift in Sources */,
				A0DC170D2216351B00EE777D /* AlbumDetailViewModel.swift in Sources */,
				A0DC16FA2214C01F00EE777D /* iTunesAlbumLookup.swift in Sources */,
				A0DC16F32214B80E00EE777D /* iso8601JSONDecoder.swift in Sources */,
				A0DC16CE2214ABAF00EE777D /* AppDelegate.swift in Sources */,
				A0DC1706221600B200EE777D /* WebImageView.swift in Sources */,
				A0DC16FD2214C2D200EE777D /* AlbumPickerViewModel.swift in Sources */,
				A0DC170B22162FA900EE777D /* AlbumDetailsViewController.swift in Sources */,
			);
			runOnlyForDeploymentPostprocessing = 0;
		};
		A0DC16DA2214ABB200EE777D /* Sources */ = {
			isa = PBXSourcesBuildPhase;
			buildActionMask = 2147483647;
			files = (
				A0C8B83A2216E4C200F03208 /* AlbumPickerViewModelTests.swift in Sources */,
				A0DC16E32214ABB200EE777D /* iTunesAPITests.swift in Sources */,
			);
			runOnlyForDeploymentPostprocessing = 0;
		};
/* End PBXSourcesBuildPhase section */

/* Begin PBXTargetDependency section */
		A0DC16E02214ABB200EE777D /* PBXTargetDependency */ = {
			isa = PBXTargetDependency;
			target = A0DC16C92214ABAF00EE777D /* iTunesAPI */;
			targetProxy = A0DC16DF2214ABB200EE777D /* PBXContainerItemProxy */;
		};
/* End PBXTargetDependency section */

/* Begin PBXVariantGroup section */
		A0DC16D12214ABAF00EE777D /* Main.storyboard */ = {
			isa = PBXVariantGroup;
			children = (
				A0DC16D22214ABAF00EE777D /* Base */,
			);
			name = Main.storyboard;
			sourceTree = "<group>";
		};
		A0DC16D62214ABB200EE777D /* LaunchScreen.storyboard */ = {
			isa = PBXVariantGroup;
			children = (
				A0DC16D72214ABB200EE777D /* Base */,
			);
			name = LaunchScreen.storyboard;
			sourceTree = "<group>";
		};
/* End PBXVariantGroup section */

/* Begin XCBuildConfiguration section */
		A0DC16E52214ABB200EE777D /* Debug */ = {
			isa = XCBuildConfiguration;
			buildSettings = {
				ALWAYS_SEARCH_USER_PATHS = NO;
				CLANG_ANALYZER_NONNULL = YES;
				CLANG_ANALYZER_NUMBER_OBJECT_CONVERSION = YES_AGGRESSIVE;
				CLANG_CXX_LANGUAGE_STANDARD = "gnu++14";
				CLANG_CXX_LIBRARY = "libc++";
				CLANG_ENABLE_MODULES = YES;
				CLANG_ENABLE_OBJC_ARC = YES;
				CLANG_ENABLE_OBJC_WEAK = YES;
				CLANG_WARN_BLOCK_CAPTURE_AUTORELEASING = YES;
				CLANG_WARN_BOOL_CONVERSION = YES;
				CLANG_WARN_COMMA = YES;
				CLANG_WARN_CONSTANT_CONVERSION = YES;
				CLANG_WARN_DEPRECATED_OBJC_IMPLEMENTATIONS = YES;
				CLANG_WARN_DIRECT_OBJC_ISA_USAGE = YES_ERROR;
				CLANG_WARN_DOCUMENTATION_COMMENTS = YES;
				CLANG_WARN_EMPTY_BODY = YES;
				CLANG_WARN_ENUM_CONVERSION = YES;
				CLANG_WARN_INFINITE_RECURSION = YES;
				CLANG_WARN_INT_CONVERSION = YES;
				CLANG_WARN_NON_LITERAL_NULL_CONVERSION = YES;
				CLANG_WARN_OBJC_IMPLICIT_RETAIN_SELF = YES;
				CLANG_WARN_OBJC_LITERAL_CONVERSION = YES;
				CLANG_WARN_OBJC_ROOT_CLASS = YES_ERROR;
				CLANG_WARN_RANGE_LOOP_ANALYSIS = YES;
				CLANG_WARN_STRICT_PROTOTYPES = YES;
				CLANG_WARN_SUSPICIOUS_MOVE = YES;
				CLANG_WARN_UNGUARDED_AVAILABILITY = YES_AGGRESSIVE;
				CLANG_WARN_UNREACHABLE_CODE = YES;
				CLANG_WARN__DUPLICATE_METHOD_MATCH = YES;
				CODE_SIGN_IDENTITY = "iPhone Developer";
				COPY_PHASE_STRIP = NO;
				DEBUG_INFORMATION_FORMAT = dwarf;
				ENABLE_STRICT_OBJC_MSGSEND = YES;
				ENABLE_TESTABILITY = YES;
				GCC_C_LANGUAGE_STANDARD = gnu11;
				GCC_DYNAMIC_NO_PIC = NO;
				GCC_NO_COMMON_BLOCKS = YES;
				GCC_OPTIMIZATION_LEVEL = 0;
				GCC_PREPROCESSOR_DEFINITIONS = (
					"DEBUG=1",
					"$(inherited)",
				);
				GCC_WARN_64_TO_32_BIT_CONVERSION = YES;
				GCC_WARN_ABOUT_RETURN_TYPE = YES_ERROR;
				GCC_WARN_UNDECLARED_SELECTOR = YES;
				GCC_WARN_UNINITIALIZED_AUTOS = YES_AGGRESSIVE;
				GCC_WARN_UNUSED_FUNCTION = YES;
				GCC_WARN_UNUSED_VARIABLE = YES;
				IPHONEOS_DEPLOYMENT_TARGET = 12.1;
				MTL_ENABLE_DEBUG_INFO = INCLUDE_SOURCE;
				MTL_FAST_MATH = YES;
				ONLY_ACTIVE_ARCH = YES;
				SDKROOT = iphoneos;
				SWIFT_ACTIVE_COMPILATION_CONDITIONS = DEBUG;
				SWIFT_OPTIMIZATION_LEVEL = "-Onone";
			};
			name = Debug;
		};
		A0DC16E62214ABB200EE777D /* Release */ = {
			isa = XCBuildConfiguration;
			buildSettings = {
				ALWAYS_SEARCH_USER_PATHS = NO;
				CLANG_ANALYZER_NONNULL = YES;
				CLANG_ANALYZER_NUMBER_OBJECT_CONVERSION = YES_AGGRESSIVE;
				CLANG_CXX_LANGUAGE_STANDARD = "gnu++14";
				CLANG_CXX_LIBRARY = "libc++";
				CLANG_ENABLE_MODULES = YES;
				CLANG_ENABLE_OBJC_ARC = YES;
				CLANG_ENABLE_OBJC_WEAK = YES;
				CLANG_WARN_BLOCK_CAPTURE_AUTORELEASING = YES;
				CLANG_WARN_BOOL_CONVERSION = YES;
				CLANG_WARN_COMMA = YES;
				CLANG_WARN_CONSTANT_CONVERSION = YES;
				CLANG_WARN_DEPRECATED_OBJC_IMPLEMENTATIONS = YES;
				CLANG_WARN_DIRECT_OBJC_ISA_USAGE = YES_ERROR;
				CLANG_WARN_DOCUMENTATION_COMMENTS = YES;
				CLANG_WARN_EMPTY_BODY = YES;
				CLANG_WARN_ENUM_CONVERSION = YES;
				CLANG_WARN_INFINITE_RECURSION = YES;
				CLANG_WARN_INT_CONVERSION = YES;
				CLANG_WARN_NON_LITERAL_NULL_CONVERSION = YES;
				CLANG_WARN_OBJC_IMPLICIT_RETAIN_SELF = YES;
				CLANG_WARN_OBJC_LITERAL_CONVERSION = YES;
				CLANG_WARN_OBJC_ROOT_CLASS = YES_ERROR;
				CLANG_WARN_RANGE_LOOP_ANALYSIS = YES;
				CLANG_WARN_STRICT_PROTOTYPES = YES;
				CLANG_WARN_SUSPICIOUS_MOVE = YES;
				CLANG_WARN_UNGUARDED_AVAILABILITY = YES_AGGRESSIVE;
				CLANG_WARN_UNREACHABLE_CODE = YES;
				CLANG_WARN__DUPLICATE_METHOD_MATCH = YES;
				CODE_SIGN_IDENTITY = "iPhone Developer";
				COPY_PHASE_STRIP = NO;
				DEBUG_INFORMATION_FORMAT = "dwarf-with-dsym";
				ENABLE_NS_ASSERTIONS = NO;
				ENABLE_STRICT_OBJC_MSGSEND = YES;
				GCC_C_LANGUAGE_STANDARD = gnu11;
				GCC_NO_COMMON_BLOCKS = YES;
				GCC_WARN_64_TO_32_BIT_CONVERSION = YES;
				GCC_WARN_ABOUT_RETURN_TYPE = YES_ERROR;
				GCC_WARN_UNDECLARED_SELECTOR = YES;
				GCC_WARN_UNINITIALIZED_AUTOS = YES_AGGRESSIVE;
				GCC_WARN_UNUSED_FUNCTION = YES;
				GCC_WARN_UNUSED_VARIABLE = YES;
				IPHONEOS_DEPLOYMENT_TARGET = 12.1;
				MTL_ENABLE_DEBUG_INFO = NO;
				MTL_FAST_MATH = YES;
				SDKROOT = iphoneos;
				SWIFT_COMPILATION_MODE = wholemodule;
				SWIFT_OPTIMIZATION_LEVEL = "-O";
				VALIDATE_PRODUCT = YES;
			};
			name = Release;
		};
		A0DC16E82214ABB200EE777D /* Debug */ = {
			isa = XCBuildConfiguration;
			buildSettings = {
				ASSETCATALOG_COMPILER_APPICON_NAME = AppIcon;
				CODE_SIGN_STYLE = Automatic;
				INFOPLIST_FILE = iTunesAPI/Info.plist;
				LD_RUNPATH_SEARCH_PATHS = (
					"$(inherited)",
					"@executable_path/Frameworks",
				);
				PRODUCT_BUNDLE_IDENTIFIER = YK.iTunesAPI;
				PRODUCT_NAME = "$(TARGET_NAME)";
				SWIFT_VERSION = 4.2;
				TARGETED_DEVICE_FAMILY = "1,2";
			};
			name = Debug;
		};
		A0DC16E92214ABB200EE777D /* Release */ = {
			isa = XCBuildConfiguration;
			buildSettings = {
				ASSETCATALOG_COMPILER_APPICON_NAME = AppIcon;
				CODE_SIGN_STYLE = Automatic;
				INFOPLIST_FILE = iTunesAPI/Info.plist;
				LD_RUNPATH_SEARCH_PATHS = (
					"$(inherited)",
					"@executable_path/Frameworks",
				);
				PRODUCT_BUNDLE_IDENTIFIER = YK.iTunesAPI;
				PRODUCT_NAME = "$(TARGET_NAME)";
				SWIFT_VERSION = 4.2;
				TARGETED_DEVICE_FAMILY = "1,2";
			};
			name = Release;
		};
		A0DC16EB2214ABB200EE777D /* Debug */ = {
			isa = XCBuildConfiguration;
			buildSettings = {
				ALWAYS_EMBED_SWIFT_STANDARD_LIBRARIES = YES;
				BUNDLE_LOADER = "$(TEST_HOST)";
				CODE_SIGN_STYLE = Automatic;
				INFOPLIST_FILE = iTunesAPITests/Info.plist;
				LD_RUNPATH_SEARCH_PATHS = (
					"$(inherited)",
					"@executable_path/Frameworks",
					"@loader_path/Frameworks",
				);
				PRODUCT_BUNDLE_IDENTIFIER = YK.iTunesAPITests;
				PRODUCT_NAME = "$(TARGET_NAME)";
				SWIFT_VERSION = 4.2;
				TARGETED_DEVICE_FAMILY = "1,2";
				TEST_HOST = "$(BUILT_PRODUCTS_DIR)/iTunesAPI.app/iTunesAPI";
			};
			name = Debug;
		};
		A0DC16EC2214ABB200EE777D /* Release */ = {
			isa = XCBuildConfiguration;
			buildSettings = {
				ALWAYS_EMBED_SWIFT_STANDARD_LIBRARIES = YES;
				BUNDLE_LOADER = "$(TEST_HOST)";
				CODE_SIGN_STYLE = Automatic;
				INFOPLIST_FILE = iTunesAPITests/Info.plist;
				LD_RUNPATH_SEARCH_PATHS = (
					"$(inherited)",
					"@executable_path/Frameworks",
					"@loader_path/Frameworks",
				);
				PRODUCT_BUNDLE_IDENTIFIER = YK.iTunesAPITests;
				PRODUCT_NAME = "$(TARGET_NAME)";
				SWIFT_VERSION = 4.2;
				TARGETED_DEVICE_FAMILY = "1,2";
				TEST_HOST = "$(BUILT_PRODUCTS_DIR)/iTunesAPI.app/iTunesAPI";
			};
			name = Release;
		};
/* End XCBuildConfiguration section */

/* Begin XCConfigurationList section */
		A0DC16C52214ABAF00EE777D /* Build configuration list for PBXProject "iTunesAPI" */ = {
			isa = XCConfigurationList;
			buildConfigurations = (
				A0DC16E52214ABB200EE777D /* Debug */,
				A0DC16E62214ABB200EE777D /* Release */,
			);
			defaultConfigurationIsVisible = 0;
			defaultConfigurationName = Release;
		};
		A0DC16E72214ABB200EE777D /* Build configuration list for PBXNativeTarget "iTunesAPI" */ = {
			isa = XCConfigurationList;
			buildConfigurations = (
				A0DC16E82214ABB200EE777D /* Debug */,
				A0DC16E92214ABB200EE777D /* Release */,
			);
			defaultConfigurationIsVisible = 0;
			defaultConfigurationName = Release;
		};
		A0DC16EA2214ABB200EE777D /* Build configuration list for PBXNativeTarget "iTunesAPITests" */ = {
			isa = XCConfigurationList;
			buildConfigurations = (
				A0DC16EB2214ABB200EE777D /* Debug */,
				A0DC16EC2214ABB200EE777D /* Release */,
			);
			defaultConfigurationIsVisible = 0;
			defaultConfigurationName = Release;
		};
/* End XCConfigurationList section */
	};
	rootObject = A0DC16C22214ABAF00EE777D /* Project object */;
}
